
Microsoft Visual Studio Solution File, Format Version 12.00
# Visual Studio Version 17
VisualStudioVersion = 17.7.34202.233
MinimumVisualStudioVersion = 10.0.40219.1
Project("{FAE04EC0-301F-11D3-BF4B-00C04F79EFBC}") = "UserService", "UserService\UserService.csproj", "{8AC94E26-9516-4CCC-BA35-11E7802CD409}"
EndProject
Global
	GlobalSection(SolutionConfigurationPlatforms) = preSolution
		Debug|Any CPU = Debug|Any CPU
		Release|Any CPU = Release|Any CPU
	EndGlobalSection
	GlobalSection(ProjectConfigurationPlatforms) = postSolution
		{8AC94E26-9516-4CCC-BA35-11E7802CD409}.Debug|Any CPU.ActiveCfg = Debug|Any CPU
		{8AC94E26-9516-4CCC-BA35-11E7802CD409}.Debug|Any CPU.Build.0 = Debug|Any CPU
		{8AC94E26-9516-4CCC-BA35-11E7802CD409}.Release|Any CPU.ActiveCfg = Release|Any CPU
		{8AC94E26-9516-4CCC-BA35-11E7802CD409}.Release|Any CPU.Build.0 = Release|Any CPU
	EndGlobalSection
	GlobalSection(SolutionProperties) = preSolution
		HideSolutionNode = FALSE
	EndGlobalSection
	GlobalSection(ExtensibilityGlobals) = postSolution
		SolutionGuid = {DE5CC473-E73D-4A53-B1A8-0BF1D7A2C25A}
	EndGlobalSection
EndGlobal
